
Microsoft Visual Studio Solution File, Format Version 12.00
# Visual Studio 15
VisualStudioVersion = 15.0.28307.2092
MinimumVisualStudioVersion = 10.0.40219.1
Project("{2150E333-8FDC-42A3-9474-1A3956D46DE8}") = "0_thirdparty", "0_thirdparty", "{EBBBC5AB-E662-45E5-BA81-FB445F6B829F}"
EndProject
Project("{8BC9CEB8-8B4A-11D0-8D11-00A0C91BC942}") = "libzlib", "thirdparty\zlib-1.2.12\libzlib_linux.vcxproj", "{791642ED-9E59-4F42-927B-3562F869D9C1}"
EndProject
Project("{8BC9CEB8-8B4A-11D0-8D11-00A0C91BC942}") = "zlib", "thirdparty\zlib-1.2.12\zlib_linux.vcxproj", "{CE378188-FDBB-4EF5-A62D-20150CD4EEE3}"
EndProject
Project("{2150E333-8FDC-42A3-9474-1A3956D46DE8}") = "1_test", "1_test", "{9A781B7B-4B89-4276-BCC2-F510F2E86956}"
EndProject
Project("{2150E333-8FDC-42A3-9474-1A3956D46DE8}") = "puff", "puff", "{6DB705B6-C0DD-4120-BE42-059798D6A812}"
EndProject
Project("{8BC9CEB8-8B4A-11D0-8D11-00A0C91BC942}") = "pufftest", "test\puff\pufftest_linux.vcxproj", "{492B8D1D-F7ED-4C08-AE65-38BCEDD0CB9F}"
EndProject
Project("{2150E333-8FDC-42A3-9474-1A3956D46DE8}") = "test", "test", "{B2C24082-7AFC-42A4-B31A-37D2E12823F5}"
EndProject
Project("{8BC9CEB8-8B4A-11D0-8D11-00A0C91BC942}") = "example", "test\test\example_linux.vcxproj", "{849211A0-8C01-4C2B-A528-79DDF1223E0A}"
EndProject
Project("{8BC9CEB8-8B4A-11D0-8D11-00A0C91BC942}") = "minigzip", "test\test\minigzip_linux.vcxproj", "{3161972B-FE74-4296-A200-4B1D39EF6DCA}"
EndProject
Project("{2150E333-8FDC-42A3-9474-1A3956D46DE8}") = "untgz", "untgz", "{2E749D76-5011-4F27-9DB4-D406B05CBEBB}"
EndProject
Project("{8BC9CEB8-8B4A-11D0-8D11-00A0C91BC942}") = "untgz", "test\untgz\untgz_linux.vcxproj", "{11DBE532-0E32-4D83-AC99-0646CAD3FB9D}"
EndProject
Global
	GlobalSection(SolutionConfigurationPlatforms) = preSolution
		Debug|x64 = Debug|x64
		Release|x64 = Release|x64
	EndGlobalSection
	GlobalSection(ProjectConfigurationPlatforms) = postSolution
		{791642ED-9E59-4F42-927B-3562F869D9C1}.Debug|x64.ActiveCfg = Debug|x64
		{791642ED-9E59-4F42-927B-3562F869D9C1}.Debug|x64.Build.0 = Debug|x64
		{791642ED-9E59-4F42-927B-3562F869D9C1}.Release|x64.ActiveCfg = Release|x64
		{791642ED-9E59-4F42-927B-3562F869D9C1}.Release|x64.Build.0 = Release|x64
		{CE378188-FDBB-4EF5-A62D-20150CD4EEE3}.Debug|x64.ActiveCfg = Debug|x64
		{CE378188-FDBB-4EF5-A62D-20150CD4EEE3}.Debug|x64.Build.0 = Debug|x64
		{CE378188-FDBB-4EF5-A62D-20150CD4EEE3}.Release|x64.ActiveCfg = Release|x64
		{CE378188-FDBB-4EF5-A62D-20150CD4EEE3}.Release|x64.Build.0 = Release|x64
		{492B8D1D-F7ED-4C08-AE65-38BCEDD0CB9F}.Debug|x64.ActiveCfg = Debug|x64
		{492B8D1D-F7ED-4C08-AE65-38BCEDD0CB9F}.Debug|x64.Build.0 = Debug|x64
		{492B8D1D-F7ED-4C08-AE65-38BCEDD0CB9F}.Release|x64.ActiveCfg = Release|x64
		{492B8D1D-F7ED-4C08-AE65-38BCEDD0CB9F}.Release|x64.Build.0 = Release|x64
		{849211A0-8C01-4C2B-A528-79DDF1223E0A}.Debug|x64.ActiveCfg = Debug|x64
		{849211A0-8C01-4C2B-A528-79DDF1223E0A}.Debug|x64.Build.0 = Debug|x64
		{849211A0-8C01-4C2B-A528-79DDF1223E0A}.Release|x64.ActiveCfg = Release|x64
		{849211A0-8C01-4C2B-A528-79DDF1223E0A}.Release|x64.Build.0 = Release|x64
		{3161972B-FE74-4296-A200-4B1D39EF6DCA}.Debug|x64.ActiveCfg = Debug|x64
		{3161972B-FE74-4296-A200-4B1D39EF6DCA}.Debug|x64.Build.0 = Debug|x64
		{3161972B-FE74-4296-A200-4B1D39EF6DCA}.Release|x64.ActiveCfg = Release|x64
		{3161972B-FE74-4296-A200-4B1D39EF6DCA}.Release|x64.Build.0 = Release|x64
		{11DBE532-0E32-4D83-AC99-0646CAD3FB9D}.Debug|x64.ActiveCfg = Debug|x64
		{11DBE532-0E32-4D83-AC99-0646CAD3FB9D}.Debug|x64.Build.0 = Debug|x64
		{11DBE532-0E32-4D83-AC99-0646CAD3FB9D}.Release|x64.ActiveCfg = Release|x64
		{11DBE532-0E32-4D83-AC99-0646CAD3FB9D}.Release|x64.Build.0 = Release|x64
	EndGlobalSection
	GlobalSection(SolutionProperties) = preSolution
		HideSolutionNode = FALSE
	EndGlobalSection
	GlobalSection(NestedProjects) = preSolution
		{791642ED-9E59-4F42-927B-3562F869D9C1} = {EBBBC5AB-E662-45E5-BA81-FB445F6B829F}
		{CE378188-FDBB-4EF5-A62D-20150CD4EEE3} = {EBBBC5AB-E662-45E5-BA81-FB445F6B829F}
		{6DB705B6-C0DD-4120-BE42-059798D6A812} = {9A781B7B-4B89-4276-BCC2-F510F2E86956}
		{492B8D1D-F7ED-4C08-AE65-38BCEDD0CB9F} = {6DB705B6-C0DD-4120-BE42-059798D6A812}
		{B2C24082-7AFC-42A4-B31A-37D2E12823F5} = {9A781B7B-4B89-4276-BCC2-F510F2E86956}
		{849211A0-8C01-4C2B-A528-79DDF1223E0A} = {B2C24082-7AFC-42A4-B31A-37D2E12823F5}
		{3161972B-FE74-4296-A200-4B1D39EF6DCA} = {B2C24082-7AFC-42A4-B31A-37D2E12823F5}
		{2E749D76-5011-4F27-9DB4-D406B05CBEBB} = {9A781B7B-4B89-4276-BCC2-F510F2E86956}
		{11DBE532-0E32-4D83-AC99-0646CAD3FB9D} = {2E749D76-5011-4F27-9DB4-D406B05CBEBB}
	EndGlobalSection
	GlobalSection(ExtensibilityGlobals) = postSolution
		SolutionGuid = {5806D430-DEB4-4E2B-8838-C80B410D7661}
	EndGlobalSection
EndGlobal
